
Microsoft Visual Studio Solution File, Format Version 12.00
# Visual Studio 15
VisualStudioVersion = 15.0.26403.7
MinimumVisualStudioVersion = 10.0.40219.1
Project("{FAE04EC0-301F-11D3-BF4B-00C04F79EFBC}") = "ClientTestApp", "ClientTestApp\ClientTestApp.csproj", "{D34DAEE3-64C0-4FA6-9AA7-E880668884F6}"
EndProject
Project("{2150E333-8FDC-42A3-9474-1A3956D46DE8}") = "AzureFunction", "AzureFunction", "{ECD746B4-1691-46AB-A99E-55A1C9F7AF2E}"
EndProject
Project("{2150E333-8FDC-42A3-9474-1A3956D46DE8}") = "resilientSTT", "resilientSTT", "{612D53A2-EE0B-458E-B47A-4329AADBCCAC}"
EndProject
Project("{2150E333-8FDC-42A3-9474-1A3956D46DE8}") = "VoiceToTextOnBlob", "VoiceToTextOnBlob", "{E52E497D-6FEA-4683-B990-65836C586BEC}"
	ProjectSection(SolutionItems) = preProject
		AzureFunction\resilientSTT\VoiceToTextOnBlob\appsettings.txt = AzureFunction\resilientSTT\VoiceToTextOnBlob\appsettings.txt
		AzureFunction\resilientSTT\VoiceToTextOnBlob\function.json = AzureFunction\resilientSTT\VoiceToTextOnBlob\function.json
		AzureFunction\resilientSTT\VoiceToTextOnBlob\project.json = AzureFunction\resilientSTT\VoiceToTextOnBlob\project.json
		AzureFunction\resilientSTT\VoiceToTextOnBlob\run.csx = AzureFunction\resilientSTT\VoiceToTextOnBlob\run.csx
	EndProjectSection
EndProject
Global
	GlobalSection(SolutionConfigurationPlatforms) = preSolution
		Debug|Any CPU = Debug|Any CPU
		Release|Any CPU = Release|Any CPU
	EndGlobalSection
	GlobalSection(ProjectConfigurationPlatforms) = postSolution
		{D34DAEE3-64C0-4FA6-9AA7-E880668884F6}.Debug|Any CPU.ActiveCfg = Debug|Any CPU
		{D34DAEE3-64C0-4FA6-9AA7-E880668884F6}.Debug|Any CPU.Build.0 = Debug|Any CPU
		{D34DAEE3-64C0-4FA6-9AA7-E880668884F6}.Release|Any CPU.ActiveCfg = Release|Any CPU
		{D34DAEE3-64C0-4FA6-9AA7-E880668884F6}.Release|Any CPU.Build.0 = Release|Any CPU
	EndGlobalSection
	GlobalSection(SolutionProperties) = preSolution
		HideSolutionNode = FALSE
	EndGlobalSection
	GlobalSection(NestedProjects) = preSolution
		{612D53A2-EE0B-458E-B47A-4329AADBCCAC} = {ECD746B4-1691-46AB-A99E-55A1C9F7AF2E}
		{E52E497D-6FEA-4683-B990-65836C586BEC} = {612D53A2-EE0B-458E-B47A-4329AADBCCAC}
	EndGlobalSection
EndGlobal
